
Microsoft Visual Studio Solution File, Format Version 12.00
# Visual Studio 14
VisualStudioVersion = 14.0.25420.1
MinimumVisualStudioVersion = 10.0.40219.1
Project("{2150E333-8FDC-42A3-9474-1A3956D46DE8}") = "Solution Items", "Solution Items", "{6C9F168D-895E-4FB3-A7C7-61EB03C7B97D}"
	ProjectSection(SolutionItems) = preProject
		global.json = global.json
		NuGet.Config = NuGet.Config
		README.md = README.md
	EndProjectSection
EndProject
Project("{2150E333-8FDC-42A3-9474-1A3956D46DE8}") = "src", "src", "{9E09D9AE-D033-4226-9A46-2344877FF699}"
EndProject
Project("{8BB2217D-0F2D-49D1-97BC-3654ED321F3B}") = "Leto.Tls13", "src\Leto.Tls13\Leto.Tls13.xproj", "{CE44C40F-9DC5-4BF6-8C72-9CABA2B48FC3}"
EndProject
Project("{2150E333-8FDC-42A3-9474-1A3956D46DE8}") = "test", "test", "{7904A9D2-4EC4-4AFF-93B0-63AAF355F5F4}"
EndProject
Project("{8BB2217D-0F2D-49D1-97BC-3654ED321F3B}") = "Leto.Tls13Facts", "test\Leto.Tls13Facts\Leto.Tls13Facts.xproj", "{6DF43444-225D-4654-A2C7-3B1DF9AC161C}"
EndProject
Project("{2150E333-8FDC-42A3-9474-1A3956D46DE8}") = "data", "data", "{68DDD23B-403A-40D7-B508-FDFBDFE4A03B}"
	ProjectSection(SolutionItems) = preProject
		data\certificate.pfx = data\certificate.pfx
		data\secp384r1-key.pem = data\secp384r1-key.pem
		data\secp384r1.pem = data\secp384r1.pem
		data\server.pem = data\server.pem
		data\TestCert.pfx = data\TestCert.pfx
	EndProjectSection
EndProject
Project("{2150E333-8FDC-42A3-9474-1A3956D46DE8}") = "samples", "samples", "{1994D85B-082B-4716-982D-E14EC4518CDB}"
EndProject
Project("{8BB2217D-0F2D-49D1-97BC-3654ED321F3B}") = "SampleHttpServer", "samples\SampleHttpServer\SampleHttpServer.xproj", "{DD807E9E-B83A-4E9D-BB77-3868F927B72D}"
EndProject
Global
	GlobalSection(SolutionConfigurationPlatforms) = preSolution
		Debug|Any CPU = Debug|Any CPU
		Release|Any CPU = Release|Any CPU
	EndGlobalSection
	GlobalSection(ProjectConfigurationPlatforms) = postSolution
		{CE44C40F-9DC5-4BF6-8C72-9CABA2B48FC3}.Debug|Any CPU.ActiveCfg = Debug|Any CPU
		{CE44C40F-9DC5-4BF6-8C72-9CABA2B48FC3}.Debug|Any CPU.Build.0 = Debug|Any CPU
		{CE44C40F-9DC5-4BF6-8C72-9CABA2B48FC3}.Release|Any CPU.ActiveCfg = Release|Any CPU
		{CE44C40F-9DC5-4BF6-8C72-9CABA2B48FC3}.Release|Any CPU.Build.0 = Release|Any CPU
		{6DF43444-225D-4654-A2C7-3B1DF9AC161C}.Debug|Any CPU.ActiveCfg = Debug|Any CPU
		{6DF43444-225D-4654-A2C7-3B1DF9AC161C}.Debug|Any CPU.Build.0 = Debug|Any CPU
		{6DF43444-225D-4654-A2C7-3B1DF9AC161C}.Release|Any CPU.ActiveCfg = Release|Any CPU
		{6DF43444-225D-4654-A2C7-3B1DF9AC161C}.Release|Any CPU.Build.0 = Release|Any CPU
		{DD807E9E-B83A-4E9D-BB77-3868F927B72D}.Debug|Any CPU.ActiveCfg = Debug|Any CPU
		{DD807E9E-B83A-4E9D-BB77-3868F927B72D}.Debug|Any CPU.Build.0 = Debug|Any CPU
		{DD807E9E-B83A-4E9D-BB77-3868F927B72D}.Release|Any CPU.ActiveCfg = Release|Any CPU
		{DD807E9E-B83A-4E9D-BB77-3868F927B72D}.Release|Any CPU.Build.0 = Release|Any CPU
	EndGlobalSection
	GlobalSection(SolutionProperties) = preSolution
		HideSolutionNode = FALSE
	EndGlobalSection
	GlobalSection(NestedProjects) = preSolution
		{CE44C40F-9DC5-4BF6-8C72-9CABA2B48FC3} = {9E09D9AE-D033-4226-9A46-2344877FF699}
		{6DF43444-225D-4654-A2C7-3B1DF9AC161C} = {7904A9D2-4EC4-4AFF-93B0-63AAF355F5F4}
		{DD807E9E-B83A-4E9D-BB77-3868F927B72D} = {1994D85B-082B-4716-982D-E14EC4518CDB}
	EndGlobalSection
EndGlobal
