
Microsoft Visual Studio Solution File, Format Version 12.00
# Visual Studio 14
VisualStudioVersion = 14.0.25420.1
MinimumVisualStudioVersion = 10.0.40219.1
Project("{2150E333-8FDC-42A3-9474-1A3956D46DE8}") = "Solution Items", "Solution Items", "{6C9F168D-895E-4FB3-A7C7-61EB03C7B97D}"
	ProjectSection(SolutionItems) = preProject
		global.json = global.json
		NuGet.Config = NuGet.Config
		README.md = README.md
	EndProjectSection
EndProject
Project("{2150E333-8FDC-42A3-9474-1A3956D46DE8}") = "src", "src", "{9E09D9AE-D033-4226-9A46-2344877FF699}"
EndProject
Project("{8BB2217D-0F2D-49D1-97BC-3654ED321F3B}") = "Leto.Tls13", "src\Leto.Tls13\Leto.Tls13.xproj", "{CE44C40F-9DC5-4BF6-8C72-9CABA2B48FC3}"
EndProject
Project("{2150E333-8FDC-42A3-9474-1A3956D46DE8}") = "test", "test", "{7904A9D2-4EC4-4AFF-93B0-63AAF355F5F4}"
EndProject
Project("{2150E333-8FDC-42A3-9474-1A3956D46DE8}") = "data", "data", "{68DDD23B-403A-40D7-B508-FDFBDFE4A03B}"
	ProjectSection(SolutionItems) = preProject
		data\certificate.pfx = data\certificate.pfx
		data\secp384r1-key.pem = data\secp384r1-key.pem
		data\secp384r1.pem = data\secp384r1.pem
		data\server.pem = data\server.pem
		data\TestCert.pfx = data\TestCert.pfx
	EndProjectSection
EndProject
Project("{2150E333-8FDC-42A3-9474-1A3956D46DE8}") = "samples", "samples", "{1994D85B-082B-4716-982D-E14EC4518CDB}"
EndProject
Project("{2150E333-8FDC-42A3-9474-1A3956D46DE8}") = "benchmarks", "benchmarks", "{8E98F636-35A0-46D9-8F2E-057F735FC6AA}"
EndProject
Project("{8BB2217D-0F2D-49D1-97BC-3654ED321F3B}") = "DictionaryVsArray", "test\benchmarks\DictionaryVsArray\DictionaryVsArray.xproj", "{38F78C7E-13C2-490D-A50C-7B8F0E5F6CF2}"
EndProject
Project("{8BB2217D-0F2D-49D1-97BC-3654ED321F3B}") = "SampleASPNetServer", "samples\SampleASPNetServer\SampleASPNetServer.xproj", "{483BA398-32EF-48AE-99D8-14A530F8D749}"
EndProject
Project("{8BB2217D-0F2D-49D1-97BC-3654ED321F3B}") = "Leto.Kestrel11", "src\Leto.Kestrel11\Leto.Kestrel11.xproj", "{46D839A2-83B0-4872-B73A-55C3A44B7F76}"
EndProject
Global
	GlobalSection(SolutionConfigurationPlatforms) = preSolution
		Debug|Any CPU = Debug|Any CPU
		Release|Any CPU = Release|Any CPU
	EndGlobalSection
	GlobalSection(ProjectConfigurationPlatforms) = postSolution
		{CE44C40F-9DC5-4BF6-8C72-9CABA2B48FC3}.Debug|Any CPU.ActiveCfg = Debug|Any CPU
		{CE44C40F-9DC5-4BF6-8C72-9CABA2B48FC3}.Debug|Any CPU.Build.0 = Debug|Any CPU
		{CE44C40F-9DC5-4BF6-8C72-9CABA2B48FC3}.Release|Any CPU.ActiveCfg = Release|Any CPU
		{CE44C40F-9DC5-4BF6-8C72-9CABA2B48FC3}.Release|Any CPU.Build.0 = Release|Any CPU
		{38F78C7E-13C2-490D-A50C-7B8F0E5F6CF2}.Debug|Any CPU.ActiveCfg = Debug|Any CPU
		{38F78C7E-13C2-490D-A50C-7B8F0E5F6CF2}.Debug|Any CPU.Build.0 = Debug|Any CPU
		{38F78C7E-13C2-490D-A50C-7B8F0E5F6CF2}.Release|Any CPU.ActiveCfg = Release|Any CPU
		{38F78C7E-13C2-490D-A50C-7B8F0E5F6CF2}.Release|Any CPU.Build.0 = Release|Any CPU
		{483BA398-32EF-48AE-99D8-14A530F8D749}.Debug|Any CPU.ActiveCfg = Debug|Any CPU
		{483BA398-32EF-48AE-99D8-14A530F8D749}.Debug|Any CPU.Build.0 = Debug|Any CPU
		{483BA398-32EF-48AE-99D8-14A530F8D749}.Release|Any CPU.ActiveCfg = Release|Any CPU
		{483BA398-32EF-48AE-99D8-14A530F8D749}.Release|Any CPU.Build.0 = Release|Any CPU
		{46D839A2-83B0-4872-B73A-55C3A44B7F76}.Debug|Any CPU.ActiveCfg = Debug|Any CPU
		{46D839A2-83B0-4872-B73A-55C3A44B7F76}.Debug|Any CPU.Build.0 = Debug|Any CPU
		{46D839A2-83B0-4872-B73A-55C3A44B7F76}.Release|Any CPU.ActiveCfg = Release|Any CPU
		{46D839A2-83B0-4872-B73A-55C3A44B7F76}.Release|Any CPU.Build.0 = Release|Any CPU
	EndGlobalSection
	GlobalSection(SolutionProperties) = preSolution
		HideSolutionNode = FALSE
	EndGlobalSection
	GlobalSection(NestedProjects) = preSolution
		{CE44C40F-9DC5-4BF6-8C72-9CABA2B48FC3} = {9E09D9AE-D033-4226-9A46-2344877FF699}
		{8E98F636-35A0-46D9-8F2E-057F735FC6AA} = {7904A9D2-4EC4-4AFF-93B0-63AAF355F5F4}
		{38F78C7E-13C2-490D-A50C-7B8F0E5F6CF2} = {8E98F636-35A0-46D9-8F2E-057F735FC6AA}
		{483BA398-32EF-48AE-99D8-14A530F8D749} = {1994D85B-082B-4716-982D-E14EC4518CDB}
		{46D839A2-83B0-4872-B73A-55C3A44B7F76} = {9E09D9AE-D033-4226-9A46-2344877FF699}
	EndGlobalSection
EndGlobal
