
Microsoft Visual Studio Solution File, Format Version 12.00
# Visual Studio 15
VisualStudioVersion = 15.0.26206.0
MinimumVisualStudioVersion = 10.0.40219.1
Project("{2150E333-8FDC-42A3-9474-1A3956D46DE8}") = "Solution Items", "Solution Items", "{6C9F168D-895E-4FB3-A7C7-61EB03C7B97D}"
	ProjectSection(SolutionItems) = preProject
		NuGet.Config = NuGet.Config
		README.md = README.md
	EndProjectSection
EndProject
Project("{2150E333-8FDC-42A3-9474-1A3956D46DE8}") = "src", "src", "{9E09D9AE-D033-4226-9A46-2344877FF699}"
EndProject
Project("{9A19103F-16F7-4668-BE54-9A1E7A4F7556}") = "Leto.Tls13", "src\Leto.Tls13\Leto.Tls13.csproj", "{CE44C40F-9DC5-4BF6-8C72-9CABA2B48FC3}"
EndProject
Project("{2150E333-8FDC-42A3-9474-1A3956D46DE8}") = "test", "test", "{7904A9D2-4EC4-4AFF-93B0-63AAF355F5F4}"
EndProject
Project("{2150E333-8FDC-42A3-9474-1A3956D46DE8}") = "data", "data", "{68DDD23B-403A-40D7-B508-FDFBDFE4A03B}"
	ProjectSection(SolutionItems) = preProject
		data\certificate.pfx = data\certificate.pfx
		data\secp384r1-key.pem = data\secp384r1-key.pem
		data\secp384r1.pem = data\secp384r1.pem
		data\server.pem = data\server.pem
		data\TestCert.pfx = data\TestCert.pfx
	EndProjectSection
EndProject
Project("{2150E333-8FDC-42A3-9474-1A3956D46DE8}") = "samples", "samples", "{1994D85B-082B-4716-982D-E14EC4518CDB}"
EndProject
Project("{2150E333-8FDC-42A3-9474-1A3956D46DE8}") = "benchmarks", "benchmarks", "{8E98F636-35A0-46D9-8F2E-057F735FC6AA}"
EndProject
Project("{9A19103F-16F7-4668-BE54-9A1E7A4F7556}") = "SampleASPNetServer", "samples\SampleASPNetServer\SampleASPNetServer.csproj", "{483BA398-32EF-48AE-99D8-14A530F8D749}"
EndProject
Project("{9A19103F-16F7-4668-BE54-9A1E7A4F7556}") = "Leto.Kestrel12", "src\Leto.Kestrel12\Leto.Kestrel12.csproj", "{40AA8C85-C2C1-4979-A0EE-488D7F99A97C}"
EndProject
Project("{2150E333-8FDC-42A3-9474-1A3956D46DE8}") = "build", "build", "{837E39A4-9D4D-4D2F-A268-52194AD39AAE}"
	ProjectSection(SolutionItems) = preProject
		build\common.props = build\common.props
	EndProjectSection
EndProject
Global
	GlobalSection(SolutionConfigurationPlatforms) = preSolution
		Debug|Any CPU = Debug|Any CPU
		Debug|x64 = Debug|x64
		Debug|x86 = Debug|x86
		Release|Any CPU = Release|Any CPU
		Release|x64 = Release|x64
		Release|x86 = Release|x86
	EndGlobalSection
	GlobalSection(ProjectConfigurationPlatforms) = postSolution
		{CE44C40F-9DC5-4BF6-8C72-9CABA2B48FC3}.Debug|Any CPU.ActiveCfg = Debug|Any CPU
		{CE44C40F-9DC5-4BF6-8C72-9CABA2B48FC3}.Debug|Any CPU.Build.0 = Debug|Any CPU
		{CE44C40F-9DC5-4BF6-8C72-9CABA2B48FC3}.Debug|x64.ActiveCfg = Debug|x64
		{CE44C40F-9DC5-4BF6-8C72-9CABA2B48FC3}.Debug|x64.Build.0 = Debug|x64
		{CE44C40F-9DC5-4BF6-8C72-9CABA2B48FC3}.Debug|x86.ActiveCfg = Debug|x86
		{CE44C40F-9DC5-4BF6-8C72-9CABA2B48FC3}.Debug|x86.Build.0 = Debug|x86
		{CE44C40F-9DC5-4BF6-8C72-9CABA2B48FC3}.Release|Any CPU.ActiveCfg = Release|Any CPU
		{CE44C40F-9DC5-4BF6-8C72-9CABA2B48FC3}.Release|Any CPU.Build.0 = Release|Any CPU
		{CE44C40F-9DC5-4BF6-8C72-9CABA2B48FC3}.Release|x64.ActiveCfg = Release|x64
		{CE44C40F-9DC5-4BF6-8C72-9CABA2B48FC3}.Release|x64.Build.0 = Release|x64
		{CE44C40F-9DC5-4BF6-8C72-9CABA2B48FC3}.Release|x86.ActiveCfg = Release|x86
		{CE44C40F-9DC5-4BF6-8C72-9CABA2B48FC3}.Release|x86.Build.0 = Release|x86
		{483BA398-32EF-48AE-99D8-14A530F8D749}.Debug|Any CPU.ActiveCfg = Debug|Any CPU
		{483BA398-32EF-48AE-99D8-14A530F8D749}.Debug|Any CPU.Build.0 = Debug|Any CPU
		{483BA398-32EF-48AE-99D8-14A530F8D749}.Debug|x64.ActiveCfg = Debug|Any CPU
		{483BA398-32EF-48AE-99D8-14A530F8D749}.Debug|x64.Build.0 = Debug|Any CPU
		{483BA398-32EF-48AE-99D8-14A530F8D749}.Debug|x86.ActiveCfg = Debug|x86
		{483BA398-32EF-48AE-99D8-14A530F8D749}.Debug|x86.Build.0 = Debug|x86
		{483BA398-32EF-48AE-99D8-14A530F8D749}.Release|Any CPU.ActiveCfg = Release|Any CPU
		{483BA398-32EF-48AE-99D8-14A530F8D749}.Release|Any CPU.Build.0 = Release|Any CPU
		{483BA398-32EF-48AE-99D8-14A530F8D749}.Release|x64.ActiveCfg = Release|x64
		{483BA398-32EF-48AE-99D8-14A530F8D749}.Release|x64.Build.0 = Release|x64
		{483BA398-32EF-48AE-99D8-14A530F8D749}.Release|x86.ActiveCfg = Release|x86
		{483BA398-32EF-48AE-99D8-14A530F8D749}.Release|x86.Build.0 = Release|x86
		{40AA8C85-C2C1-4979-A0EE-488D7F99A97C}.Debug|Any CPU.ActiveCfg = Debug|Any CPU
		{40AA8C85-C2C1-4979-A0EE-488D7F99A97C}.Debug|Any CPU.Build.0 = Debug|Any CPU
		{40AA8C85-C2C1-4979-A0EE-488D7F99A97C}.Debug|x64.ActiveCfg = Debug|x64
		{40AA8C85-C2C1-4979-A0EE-488D7F99A97C}.Debug|x64.Build.0 = Debug|x64
		{40AA8C85-C2C1-4979-A0EE-488D7F99A97C}.Debug|x86.ActiveCfg = Debug|x86
		{40AA8C85-C2C1-4979-A0EE-488D7F99A97C}.Debug|x86.Build.0 = Debug|x86
		{40AA8C85-C2C1-4979-A0EE-488D7F99A97C}.Release|Any CPU.ActiveCfg = Release|Any CPU
		{40AA8C85-C2C1-4979-A0EE-488D7F99A97C}.Release|Any CPU.Build.0 = Release|Any CPU
		{40AA8C85-C2C1-4979-A0EE-488D7F99A97C}.Release|x64.ActiveCfg = Release|x64
		{40AA8C85-C2C1-4979-A0EE-488D7F99A97C}.Release|x64.Build.0 = Release|x64
		{40AA8C85-C2C1-4979-A0EE-488D7F99A97C}.Release|x86.ActiveCfg = Release|x86
		{40AA8C85-C2C1-4979-A0EE-488D7F99A97C}.Release|x86.Build.0 = Release|x86
	EndGlobalSection
	GlobalSection(SolutionProperties) = preSolution
		HideSolutionNode = FALSE
	EndGlobalSection
	GlobalSection(NestedProjects) = preSolution
		{CE44C40F-9DC5-4BF6-8C72-9CABA2B48FC3} = {9E09D9AE-D033-4226-9A46-2344877FF699}
		{8E98F636-35A0-46D9-8F2E-057F735FC6AA} = {7904A9D2-4EC4-4AFF-93B0-63AAF355F5F4}
		{483BA398-32EF-48AE-99D8-14A530F8D749} = {1994D85B-082B-4716-982D-E14EC4518CDB}
		{40AA8C85-C2C1-4979-A0EE-488D7F99A97C} = {9E09D9AE-D033-4226-9A46-2344877FF699}
	EndGlobalSection
EndGlobal
